
Microsoft Visual Studio Solution File, Format Version 12.00
Project("{FAE04EC0-301F-11D3-BF4B-00C04F79EFBC}") = "RpgAI", "RpgAI\RpgAI.csproj", "{D7F66A83-DD63-42A2-9B82-9950ECF61F1B}"
EndProject
Project("{FAE04EC0-301F-11D3-BF4B-00C04F79EFBC}") = "Domain", "Domain\Domain.csproj", "{C3436CB0-9700-42E9-ACD2-614B38CDB5CA}"
EndProject
Project("{FAE04EC0-301F-11D3-BF4B-00C04F79EFBC}") = "Application", "Application\Application.csproj", "{DB3E099B-2F0F-4656-A793-AEB4CE943017}"
EndProject
Project("{FAE04EC0-301F-11D3-BF4B-00C04F79EFBC}") = "UnitTests", "UnitTests\UnitTests.csproj", "{10C4A725-F4DD-43CB-84AA-AB9CCA904B5F}"
EndProject
Global
	GlobalSection(SolutionConfigurationPlatforms) = preSolution
		Debug|Any CPU = Debug|Any CPU
		Release|Any CPU = Release|Any CPU
	EndGlobalSection
	GlobalSection(ProjectConfigurationPlatforms) = postSolution
		{D7F66A83-DD63-42A2-9B82-9950ECF61F1B}.Debug|Any CPU.ActiveCfg = Debug|Any CPU
		{D7F66A83-DD63-42A2-9B82-9950ECF61F1B}.Debug|Any CPU.Build.0 = Debug|Any CPU
		{D7F66A83-DD63-42A2-9B82-9950ECF61F1B}.Release|Any CPU.ActiveCfg = Release|Any CPU
		{D7F66A83-DD63-42A2-9B82-9950ECF61F1B}.Release|Any CPU.Build.0 = Release|Any CPU
		{C3436CB0-9700-42E9-ACD2-614B38CDB5CA}.Debug|Any CPU.ActiveCfg = Debug|Any CPU
		{C3436CB0-9700-42E9-ACD2-614B38CDB5CA}.Debug|Any CPU.Build.0 = Debug|Any CPU
		{C3436CB0-9700-42E9-ACD2-614B38CDB5CA}.Release|Any CPU.ActiveCfg = Release|Any CPU
		{C3436CB0-9700-42E9-ACD2-614B38CDB5CA}.Release|Any CPU.Build.0 = Release|Any CPU
		{DB3E099B-2F0F-4656-A793-AEB4CE943017}.Debug|Any CPU.ActiveCfg = Debug|Any CPU
		{DB3E099B-2F0F-4656-A793-AEB4CE943017}.Debug|Any CPU.Build.0 = Debug|Any CPU
		{DB3E099B-2F0F-4656-A793-AEB4CE943017}.Release|Any CPU.ActiveCfg = Release|Any CPU
		{DB3E099B-2F0F-4656-A793-AEB4CE943017}.Release|Any CPU.Build.0 = Release|Any CPU
		{10C4A725-F4DD-43CB-84AA-AB9CCA904B5F}.Debug|Any CPU.ActiveCfg = Debug|Any CPU
		{10C4A725-F4DD-43CB-84AA-AB9CCA904B5F}.Debug|Any CPU.Build.0 = Debug|Any CPU
		{10C4A725-F4DD-43CB-84AA-AB9CCA904B5F}.Release|Any CPU.ActiveCfg = Release|Any CPU
		{10C4A725-F4DD-43CB-84AA-AB9CCA904B5F}.Release|Any CPU.Build.0 = Release|Any CPU
	EndGlobalSection
EndGlobal
